// !$*UTF8*$!
{
	archiveVersion = 1;
	classes = {
	};
	objectVersion = 46;
	objects = {

/* Begin PBXBuildFile section */
		5C5FCC701CF16B8C00060910 /* AppDelegate.swift in Sources */ = {isa = PBXBuildFile; fileRef = 5C5FCC6F1CF16B8C00060910 /* AppDelegate.swift */; };
		5C5FCC721CF16B8C00060910 /* Assets.xcassets in Resources */ = {isa = PBXBuildFile; fileRef = 5C5FCC711CF16B8C00060910 /* Assets.xcassets */; };
		5C5FCC751CF16B8C00060910 /* MainMenu.xib in Resources */ = {isa = PBXBuildFile; fileRef = 5C5FCC731CF16B8C00060910 /* MainMenu.xib */; };
		5C5FCC801CF16B8C00060910 /* HealthCenterTests.swift in Sources */ = {isa = PBXBuildFile; fileRef = 5C5FCC7F1CF16B8C00060910 /* HealthCenterTests.swift */; };
		5C5FCC8B1CF16B8C00060910 /* HealthCenterUITests.swift in Sources */ = {isa = PBXBuildFile; fileRef = 5C5FCC8A1CF16B8C00060910 /* HealthCenterUITests.swift */; };
		5C5FCC991CF16CC600060910 /* TimerControl.swift in Sources */ = {isa = PBXBuildFile; fileRef = 5C5FCC981CF16CC600060910 /* TimerControl.swift */; settings = {ASSET_TAGS = (); }; };
/* End PBXBuildFile section */

/* Begin PBXContainerItemProxy section */
		5C5FCC7C1CF16B8C00060910 /* PBXContainerItemProxy */ = {
			isa = PBXContainerItemProxy;
			containerPortal = 5C5FCC641CF16B8C00060910 /* Project object */;
			proxyType = 1;
			remoteGlobalIDString = 5C5FCC6B1CF16B8C00060910;
			remoteInfo = HealthCenter;
		};
		5C5FCC871CF16B8C00060910 /* PBXContainerItemProxy */ = {
			isa = PBXContainerItemProxy;
			containerPortal = 5C5FCC641CF16B8C00060910 /* Project object */;
			proxyType = 1;
			remoteGlobalIDString = 5C5FCC6B1CF16B8C00060910;
			remoteInfo = HealthCenter;
		};
/* End PBXContainerItemProxy section */

/* Begin PBXFileReference section */
		5C5FCC6C1CF16B8C00060910 /* HealthCenter.app */ = {isa = PBXFileReference; explicitFileType = wrapper.application; includeInIndex = 0; path = HealthCenter.app; sourceTree = BUILT_PRODUCTS_DIR; };
		5C5FCC6F1CF16B8C00060910 /* AppDelegate.swift */ = {isa = PBXFileReference; lastKnownFileType = sourcecode.swift; path = AppDelegate.swift; sourceTree = "<group>"; };
		5C5FCC711CF16B8C00060910 /* Assets.xcassets */ = {isa = PBXFileReference; lastKnownFileType = folder.assetcatalog; path = Assets.xcassets; sourceTree = "<group>"; };
		5C5FCC741CF16B8C00060910 /* Base */ = {isa = PBXFileReference; lastKnownFileType = file.xib; name = Base; path = Base.lproj/MainMenu.xib; sourceTree = "<group>"; };
		5C5FCC761CF16B8C00060910 /* Info.plist */ = {isa = PBXFileReference; lastKnownFileType = text.plist.xml; path = Info.plist; sourceTree = "<group>"; };
		5C5FCC7B1CF16B8C00060910 /* HealthCenter.xctest */ = {isa = PBXFileReference; explicitFileType = wrapper.cfbundle; includeInIndex = 0; path = HealthCenter.xctest; sourceTree = BUILT_PRODUCTS_DIR; };
		5C5FCC7F1CF16B8C00060910 /* HealthCenterTests.swift */ = {isa = PBXFileReference; lastKnownFileType = sourcecode.swift; path = HealthCenterTests.swift; sourceTree = "<group>"; };
		5C5FCC811CF16B8C00060910 /* Info.plist */ = {isa = PBXFileReference; lastKnownFileType = text.plist.xml; path = Info.plist; sourceTree = "<group>"; };
		5C5FCC861CF16B8C00060910 /* HealthCenter.xctest */ = {isa = PBXFileReference; explicitFileType = wrapper.cfbundle; includeInIndex = 0; path = HealthCenter.xctest; sourceTree = BUILT_PRODUCTS_DIR; };
		5C5FCC8A1CF16B8C00060910 /* HealthCenterUITests.swift */ = {isa = PBXFileReference; lastKnownFileType = sourcecode.swift; path = HealthCenterUITests.swift; sourceTree = "<group>"; };
		5C5FCC8C1CF16B8C00060910 /* Info.plist */ = {isa = PBXFileReference; lastKnownFileType = text.plist.xml; path = Info.plist; sourceTree = "<group>"; };
		5C5FCC981CF16CC600060910 /* TimerControl.swift */ = {isa = PBXFileReference; fileEncoding = 4; lastKnownFileType = sourcecode.swift; path = TimerControl.swift; sourceTree = "<group>"; };
/* End PBXFileReference section */

/* Begin PBXFrameworksBuildPhase section */
		5C5FCC691CF16B8C00060910 /* Frameworks */ = {
			isa = PBXFrameworksBuildPhase;
			buildActionMask = 2147483647;
			files = (
			);
			runOnlyForDeploymentPostprocessing = 0;
		};
		5C5FCC781CF16B8C00060910 /* Frameworks */ = {
			isa = PBXFrameworksBuildPhase;
			buildActionMask = 2147483647;
			files = (
			);
			runOnlyForDeploymentPostprocessing = 0;
		};
		5C5FCC831CF16B8C00060910 /* Frameworks */ = {
			isa = PBXFrameworksBuildPhase;
			buildActionMask = 2147483647;
			files = (
			);
			runOnlyForDeploymentPostprocessing = 0;
		};
/* End PBXFrameworksBuildPhase section */

/* Begin PBXGroup section */
		5C5FCC631CF16B8C00060910 = {
			isa = PBXGroup;
			children = (
				5C5FCC6E1CF16B8C00060910 /* HealthCenter */,
				5C5FCC7E1CF16B8C00060910 /* HealthCenterTests */,
				5C5FCC891CF16B8C00060910 /* HealthCenterUITests */,
				5C5FCC6D1CF16B8C00060910 /* Products */,
			);
			sourceTree = "<group>";
		};
		5C5FCC6D1CF16B8C00060910 /* Products */ = {
			isa = PBXGroup;
			children = (
				5C5FCC6C1CF16B8C00060910 /* HealthCenter.app */,
				5C5FCC7B1CF16B8C00060910 /* HealthCenter.xctest */,
				5C5FCC861CF16B8C00060910 /* HealthCenter.xctest */,
			);
			name = Products;
			sourceTree = "<group>";
		};
		5C5FCC6E1CF16B8C00060910 /* HealthCenter */ = {
			isa = PBXGroup;
			children = (
				5C5FCC6F1CF16B8C00060910 /* AppDelegate.swift */,
				5C5FCC711CF16B8C00060910 /* Assets.xcassets */,
				5C5FCC731CF16B8C00060910 /* MainMenu.xib */,
				5C5FCC761CF16B8C00060910 /* Info.plist */,
				5C5FCC981CF16CC600060910 /* TimerControl.swift */,
			);
			name = HealthCenter;
			path = HealthCenter;
			sourceTree = "<group>";
		};
		5C5FCC7E1CF16B8C00060910 /* HealthCenterTests */ = {
			isa = PBXGroup;
			children = (
				5C5FCC7F1CF16B8C00060910 /* HealthCenterTests.swift */,
				5C5FCC811CF16B8C00060910 /* Info.plist */,
			);
			name = HealthCenterTests;
			path = HealthCenterTests;
			sourceTree = "<group>";
		};
		5C5FCC891CF16B8C00060910 /* HealthCenterUITests */ = {
			isa = PBXGroup;
			children = (
				5C5FCC8A1CF16B8C00060910 /* HealthCenterUITests.swift */,
				5C5FCC8C1CF16B8C00060910 /* Info.plist */,
			);
			name = HealthCenterUITests;
			path = HealthCenterUITests;
			sourceTree = "<group>";
		};
/* End PBXGroup section */

/* Begin PBXNativeTarget section */
		5C5FCC6B1CF16B8C00060910 /* HealthCenter */ = {
			isa = PBXNativeTarget;
			buildConfigurationList = 5C5FCC8F1CF16B8C00060910 /* Build configuration list for PBXNativeTarget "HealthCenter" */;
			buildPhases = (
				5C5FCC681CF16B8C00060910 /* Sources */,
				5C5FCC691CF16B8C00060910 /* Frameworks */,
				5C5FCC6A1CF16B8C00060910 /* Resources */,
			);
			buildRules = (
			);
			dependencies = (
			);
			name = HealthCenter;
			productName = HealthCenter;
			productReference = 5C5FCC6C1CF16B8C00060910 /* HealthCenter.app */;
			productType = "com.apple.product-type.application";
		};
		5C5FCC7A1CF16B8C00060910 /* HealthCenterTests */ = {
			isa = PBXNativeTarget;
			buildConfigurationList = 5C5FCC921CF16B8C00060910 /* Build configuration list for PBXNativeTarget "HealthCenterTests" */;
			buildPhases = (
				5C5FCC771CF16B8C00060910 /* Sources */,
				5C5FCC781CF16B8C00060910 /* Frameworks */,
				5C5FCC791CF16B8C00060910 /* Resources */,
			);
			buildRules = (
			);
			dependencies = (
				5C5FCC7D1CF16B8C00060910 /* PBXTargetDependency */,
			);
			name = HealthCenterTests;
			productName = HealthCenterTests;
			productReference = 5C5FCC7B1CF16B8C00060910 /* HealthCenter.xctest */;
			productType = "com.apple.product-type.bundle.unit-test";
		};
		5C5FCC851CF16B8C00060910 /* HealthCenterUITests */ = {
			isa = PBXNativeTarget;
			buildConfigurationList = 5C5FCC951CF16B8C00060910 /* Build configuration list for PBXNativeTarget "HealthCenterUITests" */;
			buildPhases = (
				5C5FCC821CF16B8C00060910 /* Sources */,
				5C5FCC831CF16B8C00060910 /* Frameworks */,
				5C5FCC841CF16B8C00060910 /* Resources */,
			);
			buildRules = (
			);
			dependencies = (
				5C5FCC881CF16B8C00060910 /* PBXTargetDependency */,
			);
			name = HealthCenterUITests;
			productName = HealthCenterUITests;
			productReference = 5C5FCC861CF16B8C00060910 /* HealthCenter.xctest */;
			productType = "com.apple.product-type.bundle.ui-testing";
		};
/* End PBXNativeTarget section */

/* Begin PBXProject section */
		5C5FCC641CF16B8C00060910 /* Project object */ = {
			isa = PBXProject;
			attributes = {
				LastUpgradeCheck = 0700;
				ORGANIZATIONNAME = zhaokai;
				TargetAttributes = {
					5C5FCC6B1CF16B8C00060910 = {
						CreatedOnToolsVersion = 7.0;
					};
					5C5FCC7A1CF16B8C00060910 = {
						CreatedOnToolsVersion = 7.0;
						TestTargetID = 5C5FCC6B1CF16B8C00060910;
					};
					5C5FCC851CF16B8C00060910 = {
						CreatedOnToolsVersion = 7.0;
						TestTargetID = 5C5FCC6B1CF16B8C00060910;
					};
				};
			};
			buildConfigurationList = 5C5FCC671CF16B8C00060910 /* Build configuration list for PBXProject "HealthCenter" */;
			compatibilityVersion = "Xcode 3.2";
			developmentRegion = English;
			hasScannedForEncodings = 0;
			knownRegions = (
				en,
				Base,
			);
			mainGroup = 5C5FCC631CF16B8C00060910;
			productRefGroup = 5C5FCC6D1CF16B8C00060910 /* Products */;
			projectDirPath = "";
			projectRoot = "";
			targets = (
				5C5FCC6B1CF16B8C00060910 /* HealthCenter */,
				5C5FCC7A1CF16B8C00060910 /* HealthCenterTests */,
				5C5FCC851CF16B8C00060910 /* HealthCenterUITests */,
			);
		};
/* End PBXProject section */

/* Begin PBXResourcesBuildPhase section */
		5C5FCC6A1CF16B8C00060910 /* Resources */ = {
			isa = PBXResourcesBuildPhase;
			buildActionMask = 2147483647;
			files = (
				5C5FCC721CF16B8C00060910 /* Assets.xcassets in Resources */,
				5C5FCC751CF16B8C00060910 /* MainMenu.xib in Resources */,
			);
			runOnlyForDeploymentPostprocessing = 0;
		};
		5C5FCC791CF16B8C00060910 /* Resources */ = {
			isa = PBXResourcesBuildPhase;
			buildActionMask = 2147483647;
			files = (
			);
			runOnlyForDeploymentPostprocessing = 0;
		};
		5C5FCC841CF16B8C00060910 /* Resources */ = {
			isa = PBXResourcesBuildPhase;
			buildActionMask = 2147483647;
			files = (
			);
			runOnlyForDeploymentPostprocessing = 0;
		};
/* End PBXResourcesBuildPhase section */

/* Begin PBXSourcesBuildPhase section */
		5C5FCC681CF16B8C00060910 /* Sources */ = {
			isa = PBXSourcesBuildPhase;
			buildActionMask = 2147483647;
			files = (
				5C5FCC701CF16B8C00060910 /* AppDelegate.swift in Sources */,
				5C5FCC991CF16CC600060910 /* TimerControl.swift in Sources */,
			);
			runOnlyForDeploymentPostprocessing = 0;
		};
		5C5FCC771CF16B8C00060910 /* Sources */ = {
			isa = PBXSourcesBuildPhase;
			buildActionMask = 2147483647;
			files = (
				5C5FCC801CF16B8C00060910 /* HealthCenterTests.swift in Sources */,
			);
			runOnlyForDeploymentPostprocessing = 0;
		};
		5C5FCC821CF16B8C00060910 /* Sources */ = {
			isa = PBXSourcesBuildPhase;
			buildActionMask = 2147483647;
			files = (
				5C5FCC8B1CF16B8C00060910 /* HealthCenterUITests.swift in Sources */,
			);
			runOnlyForDeploymentPostprocessing = 0;
		};
/* End PBXSourcesBuildPhase section */

/* Begin PBXTargetDependency section */
		5C5FCC7D1CF16B8C00060910 /* PBXTargetDependency */ = {
			isa = PBXTargetDependency;
			target = 5C5FCC6B1CF16B8C00060910 /* HealthCenter */;
			targetProxy = 5C5FCC7C1CF16B8C00060910 /* PBXContainerItemProxy */;
		};
		5C5FCC881CF16B8C00060910 /* PBXTargetDependency */ = {
			isa = PBXTargetDependency;
			target = 5C5FCC6B1CF16B8C00060910 /* HealthCenter */;
			targetProxy = 5C5FCC871CF16B8C00060910 /* PBXContainerItemProxy */;
		};
/* End PBXTargetDependency section */

/* Begin PBXVariantGroup section */
		5C5FCC731CF16B8C00060910 /* MainMenu.xib */ = {
			isa = PBXVariantGroup;
			children = (
				5C5FCC741CF16B8C00060910 /* Base */,
			);
			name = MainMenu.xib;
			sourceTree = "<group>";
		};
/* End PBXVariantGroup section */

/* Begin XCBuildConfiguration section */
		5C5FCC8D1CF16B8C00060910 /* Debug */ = {
			isa = XCBuildConfiguration;
			buildSettings = {
				ALWAYS_SEARCH_USER_PATHS = NO;
				CLANG_CXX_LANGUAGE_STANDARD = "gnu++0x";
				CLANG_CXX_LIBRARY = "libc++";
				CLANG_ENABLE_MODULES = YES;
				CLANG_ENABLE_OBJC_ARC = YES;
				CLANG_WARN_BOOL_CONVERSION = YES;
				CLANG_WARN_CONSTANT_CONVERSION = YES;
				CLANG_WARN_DIRECT_OBJC_ISA_USAGE = YES_ERROR;
				CLANG_WARN_EMPTY_BODY = YES;
				CLANG_WARN_ENUM_CONVERSION = YES;
				CLANG_WARN_INT_CONVERSION = YES;
				CLANG_WARN_OBJC_ROOT_CLASS = YES_ERROR;
				CLANG_WARN_UNREACHABLE_CODE = YES;
				CLANG_WARN__DUPLICATE_METHOD_MATCH = YES;
				CODE_SIGN_IDENTITY = "-";
				COPY_PHASE_STRIP = NO;
				DEBUG_INFORMATION_FORMAT = dwarf;
				ENABLE_STRICT_OBJC_MSGSEND = YES;
				ENABLE_TESTABILITY = YES;
				GCC_C_LANGUAGE_STANDARD = gnu99;
				GCC_DYNAMIC_NO_PIC = NO;
				GCC_NO_COMMON_BLOCKS = YES;
				GCC_OPTIMIZATION_LEVEL = 0;
				GCC_PREPROCESSOR_DEFINITIONS = (
					"DEBUG=1",
					"$(inherited)",
				);
				GCC_WARN_64_TO_32_BIT_CONVERSION = YES;
				GCC_WARN_ABOUT_RETURN_TYPE = YES_ERROR;
				GCC_WARN_UNDECLARED_SELECTOR = YES;
				GCC_WARN_UNINITIALIZED_AUTOS = YES_AGGRESSIVE;
				GCC_WARN_UNUSED_FUNCTION = YES;
				GCC_WARN_UNUSED_VARIABLE = YES;
				MACOSX_DEPLOYMENT_TARGET = 10.11;
				MTL_ENABLE_DEBUG_INFO = YES;
				ONLY_ACTIVE_ARCH = YES;
				SDKROOT = macosx;
				SWIFT_OPTIMIZATION_LEVEL = "-Onone";
			};
			name = Debug;
		};
		5C5FCC8E1CF16B8C00060910 /* Release */ = {
			isa = XCBuildConfiguration;
			buildSettings = {
				ALWAYS_SEARCH_USER_PATHS = NO;
				CLANG_CXX_LANGUAGE_STANDARD = "gnu++0x";
				CLANG_CXX_LIBRARY = "libc++";
				CLANG_ENABLE_MODULES = YES;
				CLANG_ENABLE_OBJC_ARC = YES;
				CLANG_WARN_BOOL_CONVERSION = YES;
				CLANG_WARN_CONSTANT_CONVERSION = YES;
				CLANG_WARN_DIRECT_OBJC_ISA_USAGE = YES_ERROR;
				CLANG_WARN_EMPTY_BODY = YES;
				CLANG_WARN_ENUM_CONVERSION = YES;
				CLANG_WARN_INT_CONVERSION = YES;
				CLANG_WARN_OBJC_ROOT_CLASS = YES_ERROR;
				CLANG_WARN_UNREACHABLE_CODE = YES;
				CLANG_WARN__DUPLICATE_METHOD_MATCH = YES;
				CODE_SIGN_IDENTITY = "-";
				COPY_PHASE_STRIP = NO;
				DEBUG_INFORMATION_FORMAT = "dwarf-with-dsym";
				ENABLE_NS_ASSERTIONS = NO;
				ENABLE_STRICT_OBJC_MSGSEND = YES;
				GCC_C_LANGUAGE_STANDARD = gnu99;
				GCC_NO_COMMON_BLOCKS = YES;
				GCC_WARN_64_TO_32_BIT_CONVERSION = YES;
				GCC_WARN_ABOUT_RETURN_TYPE = YES_ERROR;
				GCC_WARN_UNDECLARED_SELECTOR = YES;
				GCC_WARN_UNINITIALIZED_AUTOS = YES_AGGRESSIVE;
				GCC_WARN_UNUSED_FUNCTION = YES;
				GCC_WARN_UNUSED_VARIABLE = YES;
				MACOSX_DEPLOYMENT_TARGET = 10.11;
				MTL_ENABLE_DEBUG_INFO = NO;
				SDKROOT = macosx;
			};
			name = Release;
		};
		5C5FCC901CF16B8C00060910 /* Debug */ = {
			isa = XCBuildConfiguration;
			buildSettings = {
				ASSETCATALOG_COMPILER_APPICON_NAME = AppIcon;
				COMBINE_HIDPI_IMAGES = YES;
				INFOPLIST_FILE = HealthCenter/Info.plist;
				LD_RUNPATH_SEARCH_PATHS = "$(inherited) @executable_path/../Frameworks";
				PRODUCT_BUNDLE_IDENTIFIER = zhaokai.HealthCenter;
				PRODUCT_NAME = HealthCenter;
			};
			name = Debug;
		};
		5C5FCC911CF16B8C00060910 /* Release */ = {
			isa = XCBuildConfiguration;
			buildSettings = {
				ASSETCATALOG_COMPILER_APPICON_NAME = AppIcon;
				COMBINE_HIDPI_IMAGES = YES;
				INFOPLIST_FILE = HealthCenter/Info.plist;
				LD_RUNPATH_SEARCH_PATHS = "$(inherited) @executable_path/../Frameworks";
				PRODUCT_BUNDLE_IDENTIFIER = zhaokai.HealthCenter;
				PRODUCT_NAME = HealthCenter;
			};
			name = Release;
		};
		5C5FCC931CF16B8C00060910 /* Debug */ = {
			isa = XCBuildConfiguration;
			buildSettings = {
				BUNDLE_LOADER = "$(TEST_HOST)";
				COMBINE_HIDPI_IMAGES = YES;
				INFOPLIST_FILE = HealthCenterTests/Info.plist;
				LD_RUNPATH_SEARCH_PATHS = "$(inherited) @executable_path/../Frameworks @loader_path/../Frameworks";
				PRODUCT_BUNDLE_IDENTIFIER = zhaokai.HealthCenterTests;
				PRODUCT_NAME = HealthCenter;
				TEST_HOST = "$(BUILT_PRODUCTS_DIR)/HealthCenter.app/Contents/MacOS/HealthCenter";
			};
			name = Debug;
		};
		5C5FCC941CF16B8C00060910 /* Release */ = {
			isa = XCBuildConfiguration;
			buildSettings = {
				BUNDLE_LOADER = "$(TEST_HOST)";
				COMBINE_HIDPI_IMAGES = YES;
				INFOPLIST_FILE = HealthCenterTests/Info.plist;
				LD_RUNPATH_SEARCH_PATHS = "$(inherited) @executable_path/../Frameworks @loader_path/../Frameworks";
				PRODUCT_BUNDLE_IDENTIFIER = zhaokai.HealthCenterTests;
				PRODUCT_NAME = HealthCenter;
				TEST_HOST = "$(BUILT_PRODUCTS_DIR)/HealthCenter.app/Contents/MacOS/HealthCenter";
			};
			name = Release;
		};
		5C5FCC961CF16B8C00060910 /* Debug */ = {
			isa = XCBuildConfiguration;
			buildSettings = {
				COMBINE_HIDPI_IMAGES = YES;
				INFOPLIST_FILE = HealthCenterUITests/Info.plist;
				LD_RUNPATH_SEARCH_PATHS = "$(inherited) @executable_path/../Frameworks @loader_path/../Frameworks";
				PRODUCT_BUNDLE_IDENTIFIER = zhaokai.HealthCenterUITests;
				PRODUCT_NAME = HealthCenter;
				TEST_TARGET_NAME = HealthCenter;
				USES_XCTRUNNER = YES;
			};
			name = Debug;
		};
		5C5FCC971CF16B8C00060910 /* Release */ = {
			isa = XCBuildConfiguration;
			buildSettings = {
				COMBINE_HIDPI_IMAGES = YES;
				INFOPLIST_FILE = HealthCenterUITests/Info.plist;
				LD_RUNPATH_SEARCH_PATHS = "$(inherited) @executable_path/../Frameworks @loader_path/../Frameworks";
				PRODUCT_BUNDLE_IDENTIFIER = zhaokai.HealthCenterUITests;
				PRODUCT_NAME = HealthCenter;
				TEST_TARGET_NAME = HealthCenter;
				USES_XCTRUNNER = YES;
			};
			name = Release;
		};
/* End XCBuildConfiguration section */

/* Begin XCConfigurationList section */
		5C5FCC671CF16B8C00060910 /* Build configuration list for PBXProject "HealthCenter" */ = {
			isa = XCConfigurationList;
			buildConfigurations = (
				5C5FCC8D1CF16B8C00060910 /* Debug */,
				5C5FCC8E1CF16B8C00060910 /* Release */,
			);
			defaultConfigurationIsVisible = 0;
			defaultConfigurationName = Release;
		};
		5C5FCC8F1CF16B8C00060910 /* Build configuration list for PBXNativeTarget "HealthCenter" */ = {
			isa = XCConfigurationList;
			buildConfigurations = (
				5C5FCC901CF16B8C00060910 /* Debug */,
				5C5FCC911CF16B8C00060910 /* Release */,
			);
			defaultConfigurationIsVisible = 0;
			defaultConfigurationName = Release;
		};
		5C5FCC921CF16B8C00060910 /* Build configuration list for PBXNativeTarget "HealthCenterTests" */ = {
			isa = XCConfigurationList;
			buildConfigurations = (
				5C5FCC931CF16B8C00060910 /* Debug */,
				5C5FCC941CF16B8C00060910 /* Release */,
			);
			defaultConfigurationIsVisible = 0;
			defaultConfigurationName = Release;
		};
		5C5FCC951CF16B8C00060910 /* Build configuration list for PBXNativeTarget "HealthCenterUITests" */ = {
			isa = XCConfigurationList;
			buildConfigurations = (
				5C5FCC961CF16B8C00060910 /* Debug */,
				5C5FCC971CF16B8C00060910 /* Release */,
			);
			defaultConfigurationIsVisible = 0;
			defaultConfigurationName = Release;
		};
/* End XCConfigurationList section */
	};
	rootObject = 5C5FCC641CF16B8C00060910 /* Project object */;
}
