// !$*UTF8*$!
{
	archiveVersion = 1;
	classes = {
	};
	objectVersion = 46;
	objects = {

/* Begin PBXBuildFile section */
		5C7E955C1D1046710000270F /* AppDelegate.swift in Sources */ = {isa = PBXBuildFile; fileRef = 5C7E955B1D1046710000270F /* AppDelegate.swift */; };
		5C7E955E1D1046710000270F /* Assets.xcassets in Resources */ = {isa = PBXBuildFile; fileRef = 5C7E955D1D1046710000270F /* Assets.xcassets */; };
		5C7E95611D1046710000270F /* MainMenu.xib in Resources */ = {isa = PBXBuildFile; fileRef = 5C7E955F1D1046710000270F /* MainMenu.xib */; };
		5C7E956C1D1046710000270F /* HealthCenterTests.swift in Sources */ = {isa = PBXBuildFile; fileRef = 5C7E956B1D1046710000270F /* HealthCenterTests.swift */; };
		5C7E95771D1046710000270F /* HealthCenterUITests.swift in Sources */ = {isa = PBXBuildFile; fileRef = 5C7E95761D1046710000270F /* HealthCenterUITests.swift */; };
		5C7E95851D1046B80000270F /* TimerControl.swift in Sources */ = {isa = PBXBuildFile; fileRef = 5C7E95841D1046B80000270F /* TimerControl.swift */; settings = {ASSET_TAGS = (); }; };
/* End PBXBuildFile section */

/* Begin PBXContainerItemProxy section */
		5C7E95681D1046710000270F /* PBXContainerItemProxy */ = {
			isa = PBXContainerItemProxy;
			containerPortal = 5C7E95501D1046710000270F /* Project object */;
			proxyType = 1;
			remoteGlobalIDString = 5C7E95571D1046710000270F;
			remoteInfo = HealthCenter;
		};
		5C7E95731D1046710000270F /* PBXContainerItemProxy */ = {
			isa = PBXContainerItemProxy;
			containerPortal = 5C7E95501D1046710000270F /* Project object */;
			proxyType = 1;
			remoteGlobalIDString = 5C7E95571D1046710000270F;
			remoteInfo = HealthCenter;
		};
/* End PBXContainerItemProxy section */

/* Begin PBXFileReference section */
		5C7E95581D1046710000270F /* HealthCenter.app */ = {isa = PBXFileReference; explicitFileType = wrapper.application; includeInIndex = 0; path = HealthCenter.app; sourceTree = BUILT_PRODUCTS_DIR; };
		5C7E955B1D1046710000270F /* AppDelegate.swift */ = {isa = PBXFileReference; lastKnownFileType = sourcecode.swift; path = AppDelegate.swift; sourceTree = "<group>"; };
		5C7E955D1D1046710000270F /* Assets.xcassets */ = {isa = PBXFileReference; lastKnownFileType = folder.assetcatalog; path = Assets.xcassets; sourceTree = "<group>"; };
		5C7E95601D1046710000270F /* Base */ = {isa = PBXFileReference; lastKnownFileType = file.xib; name = Base; path = Base.lproj/MainMenu.xib; sourceTree = "<group>"; };
		5C7E95621D1046710000270F /* Info.plist */ = {isa = PBXFileReference; lastKnownFileType = text.plist.xml; path = Info.plist; sourceTree = "<group>"; };
		5C7E95671D1046710000270F /* HealthCenterTests.xctest */ = {isa = PBXFileReference; explicitFileType = wrapper.cfbundle; includeInIndex = 0; path = HealthCenterTests.xctest; sourceTree = BUILT_PRODUCTS_DIR; };
		5C7E956B1D1046710000270F /* HealthCenterTests.swift */ = {isa = PBXFileReference; lastKnownFileType = sourcecode.swift; path = HealthCenterTests.swift; sourceTree = "<group>"; };
		5C7E956D1D1046710000270F /* Info.plist */ = {isa = PBXFileReference; lastKnownFileType = text.plist.xml; path = Info.plist; sourceTree = "<group>"; };
		5C7E95721D1046710000270F /* HealthCenterUITests.xctest */ = {isa = PBXFileReference; explicitFileType = wrapper.cfbundle; includeInIndex = 0; path = HealthCenterUITests.xctest; sourceTree = BUILT_PRODUCTS_DIR; };
		5C7E95761D1046710000270F /* HealthCenterUITests.swift */ = {isa = PBXFileReference; lastKnownFileType = sourcecode.swift; path = HealthCenterUITests.swift; sourceTree = "<group>"; };
		5C7E95781D1046710000270F /* Info.plist */ = {isa = PBXFileReference; lastKnownFileType = text.plist.xml; path = Info.plist; sourceTree = "<group>"; };
		5C7E95841D1046B80000270F /* TimerControl.swift */ = {isa = PBXFileReference; fileEncoding = 4; lastKnownFileType = sourcecode.swift; path = TimerControl.swift; sourceTree = "<group>"; };
/* End PBXFileReference section */

/* Begin PBXFrameworksBuildPhase section */
		5C7E95551D1046710000270F /* Frameworks */ = {
			isa = PBXFrameworksBuildPhase;
			buildActionMask = 2147483647;
			files = (
			);
			runOnlyForDeploymentPostprocessing = 0;
		};
		5C7E95641D1046710000270F /* Frameworks */ = {
			isa = PBXFrameworksBuildPhase;
			buildActionMask = 2147483647;
			files = (
			);
			runOnlyForDeploymentPostprocessing = 0;
		};
		5C7E956F1D1046710000270F /* Frameworks */ = {
			isa = PBXFrameworksBuildPhase;
			buildActionMask = 2147483647;
			files = (
			);
			runOnlyForDeploymentPostprocessing = 0;
		};
/* End PBXFrameworksBuildPhase section */

/* Begin PBXGroup section */
		5C7E954F1D1046710000270F = {
			isa = PBXGroup;
			children = (
				5C7E955A1D1046710000270F /* HealthCenter */,
				5C7E956A1D1046710000270F /* HealthCenterTests */,
				5C7E95751D1046710000270F /* HealthCenterUITests */,
				5C7E95591D1046710000270F /* Products */,
			);
			sourceTree = "<group>";
		};
		5C7E95591D1046710000270F /* Products */ = {
			isa = PBXGroup;
			children = (
				5C7E95581D1046710000270F /* HealthCenter.app */,
				5C7E95671D1046710000270F /* HealthCenterTests.xctest */,
				5C7E95721D1046710000270F /* HealthCenterUITests.xctest */,
			);
			name = Products;
			sourceTree = "<group>";
		};
		5C7E955A1D1046710000270F /* HealthCenter */ = {
			isa = PBXGroup;
			children = (
				5C7E955B1D1046710000270F /* AppDelegate.swift */,
				5C7E955D1D1046710000270F /* Assets.xcassets */,
				5C7E955F1D1046710000270F /* MainMenu.xib */,
				5C7E95621D1046710000270F /* Info.plist */,
				5C7E95841D1046B80000270F /* TimerControl.swift */,
			);
			path = HealthCenter;
			sourceTree = "<group>";
		};
		5C7E956A1D1046710000270F /* HealthCenterTests */ = {
			isa = PBXGroup;
			children = (
				5C7E956B1D1046710000270F /* HealthCenterTests.swift */,
				5C7E956D1D1046710000270F /* Info.plist */,
			);
			path = HealthCenterTests;
			sourceTree = "<group>";
		};
		5C7E95751D1046710000270F /* HealthCenterUITests */ = {
			isa = PBXGroup;
			children = (
				5C7E95761D1046710000270F /* HealthCenterUITests.swift */,
				5C7E95781D1046710000270F /* Info.plist */,
			);
			path = HealthCenterUITests;
			sourceTree = "<group>";
		};
/* End PBXGroup section */

/* Begin PBXNativeTarget section */
		5C7E95571D1046710000270F /* HealthCenter */ = {
			isa = PBXNativeTarget;
			buildConfigurationList = 5C7E957B1D1046710000270F /* Build configuration list for PBXNativeTarget "HealthCenter" */;
			buildPhases = (
				5C7E95541D1046710000270F /* Sources */,
				5C7E95551D1046710000270F /* Frameworks */,
				5C7E95561D1046710000270F /* Resources */,
			);
			buildRules = (
			);
			dependencies = (
			);
			name = HealthCenter;
			productName = HealthCenter;
			productReference = 5C7E95581D1046710000270F /* HealthCenter.app */;
			productType = "com.apple.product-type.application";
		};
		5C7E95661D1046710000270F /* HealthCenterTests */ = {
			isa = PBXNativeTarget;
			buildConfigurationList = 5C7E957E1D1046710000270F /* Build configuration list for PBXNativeTarget "HealthCenterTests" */;
			buildPhases = (
				5C7E95631D1046710000270F /* Sources */,
				5C7E95641D1046710000270F /* Frameworks */,
				5C7E95651D1046710000270F /* Resources */,
			);
			buildRules = (
			);
			dependencies = (
				5C7E95691D1046710000270F /* PBXTargetDependency */,
			);
			name = HealthCenterTests;
			productName = HealthCenterTests;
			productReference = 5C7E95671D1046710000270F /* HealthCenterTests.xctest */;
			productType = "com.apple.product-type.bundle.unit-test";
		};
		5C7E95711D1046710000270F /* HealthCenterUITests */ = {
			isa = PBXNativeTarget;
			buildConfigurationList = 5C7E95811D1046710000270F /* Build configuration list for PBXNativeTarget "HealthCenterUITests" */;
			buildPhases = (
				5C7E956E1D1046710000270F /* Sources */,
				5C7E956F1D1046710000270F /* Frameworks */,
				5C7E95701D1046710000270F /* Resources */,
			);
			buildRules = (
			);
			dependencies = (
				5C7E95741D1046710000270F /* PBXTargetDependency */,
			);
			name = HealthCenterUITests;
			productName = HealthCenterUITests;
			productReference = 5C7E95721D1046710000270F /* HealthCenterUITests.xctest */;
			productType = "com.apple.product-type.bundle.ui-testing";
		};
/* End PBXNativeTarget section */

/* Begin PBXProject section */
		5C7E95501D1046710000270F /* Project object */ = {
			isa = PBXProject;
			attributes = {
				LastUpgradeCheck = 0700;
				ORGANIZATIONNAME = zhaokai;
				TargetAttributes = {
					5C7E95571D1046710000270F = {
						CreatedOnToolsVersion = 7.0;
					};
					5C7E95661D1046710000270F = {
						CreatedOnToolsVersion = 7.0;
						TestTargetID = 5C7E95571D1046710000270F;
					};
					5C7E95711D1046710000270F = {
						CreatedOnToolsVersion = 7.0;
						TestTargetID = 5C7E95571D1046710000270F;
					};
				};
			};
			buildConfigurationList = 5C7E95531D1046710000270F /* Build configuration list for PBXProject "HealthCenter" */;
			compatibilityVersion = "Xcode 3.2";
			developmentRegion = English;
			hasScannedForEncodings = 0;
			knownRegions = (
				en,
				Base,
			);
			mainGroup = 5C7E954F1D1046710000270F;
			productRefGroup = 5C7E95591D1046710000270F /* Products */;
			projectDirPath = "";
			projectRoot = "";
			targets = (
				5C7E95571D1046710000270F /* HealthCenter */,
				5C7E95661D1046710000270F /* HealthCenterTests */,
				5C7E95711D1046710000270F /* HealthCenterUITests */,
			);
		};
/* End PBXProject section */

/* Begin PBXResourcesBuildPhase section */
		5C7E95561D1046710000270F /* Resources */ = {
			isa = PBXResourcesBuildPhase;
			buildActionMask = 2147483647;
			files = (
				5C7E955E1D1046710000270F /* Assets.xcassets in Resources */,
				5C7E95611D1046710000270F /* MainMenu.xib in Resources */,
			);
			runOnlyForDeploymentPostprocessing = 0;
		};
		5C7E95651D1046710000270F /* Resources */ = {
			isa = PBXResourcesBuildPhase;
			buildActionMask = 2147483647;
			files = (
			);
			runOnlyForDeploymentPostprocessing = 0;
		};
		5C7E95701D1046710000270F /* Resources */ = {
			isa = PBXResourcesBuildPhase;
			buildActionMask = 2147483647;
			files = (
			);
			runOnlyForDeploymentPostprocessing = 0;
		};
/* End PBXResourcesBuildPhase section */

/* Begin PBXSourcesBuildPhase section */
		5C7E95541D1046710000270F /* Sources */ = {
			isa = PBXSourcesBuildPhase;
			buildActionMask = 2147483647;
			files = (
				5C7E955C1D1046710000270F /* AppDelegate.swift in Sources */,
				5C7E95851D1046B80000270F /* TimerControl.swift in Sources */,
			);
			runOnlyForDeploymentPostprocessing = 0;
		};
		5C7E95631D1046710000270F /* Sources */ = {
			isa = PBXSourcesBuildPhase;
			buildActionMask = 2147483647;
			files = (
				5C7E956C1D1046710000270F /* HealthCenterTests.swift in Sources */,
			);
			runOnlyForDeploymentPostprocessing = 0;
		};
		5C7E956E1D1046710000270F /* Sources */ = {
			isa = PBXSourcesBuildPhase;
			buildActionMask = 2147483647;
			files = (
				5C7E95771D1046710000270F /* HealthCenterUITests.swift in Sources */,
			);
			runOnlyForDeploymentPostprocessing = 0;
		};
/* End PBXSourcesBuildPhase section */

/* Begin PBXTargetDependency section */
		5C7E95691D1046710000270F /* PBXTargetDependency */ = {
			isa = PBXTargetDependency;
			target = 5C7E95571D1046710000270F /* HealthCenter */;
			targetProxy = 5C7E95681D1046710000270F /* PBXContainerItemProxy */;
		};
		5C7E95741D1046710000270F /* PBXTargetDependency */ = {
			isa = PBXTargetDependency;
			target = 5C7E95571D1046710000270F /* HealthCenter */;
			targetProxy = 5C7E95731D1046710000270F /* PBXContainerItemProxy */;
		};
/* End PBXTargetDependency section */

/* Begin PBXVariantGroup section */
		5C7E955F1D1046710000270F /* MainMenu.xib */ = {
			isa = PBXVariantGroup;
			children = (
				5C7E95601D1046710000270F /* Base */,
			);
			name = MainMenu.xib;
			sourceTree = "<group>";
		};
/* End PBXVariantGroup section */

/* Begin XCBuildConfiguration section */
		5C7E95791D1046710000270F /* Debug */ = {
			isa = XCBuildConfiguration;
			buildSettings = {
				ALWAYS_SEARCH_USER_PATHS = NO;
				CLANG_CXX_LANGUAGE_STANDARD = "gnu++0x";
				CLANG_CXX_LIBRARY = "libc++";
				CLANG_ENABLE_MODULES = YES;
				CLANG_ENABLE_OBJC_ARC = YES;
				CLANG_WARN_BOOL_CONVERSION = YES;
				CLANG_WARN_CONSTANT_CONVERSION = YES;
				CLANG_WARN_DIRECT_OBJC_ISA_USAGE = YES_ERROR;
				CLANG_WARN_EMPTY_BODY = YES;
				CLANG_WARN_ENUM_CONVERSION = YES;
				CLANG_WARN_INT_CONVERSION = YES;
				CLANG_WARN_OBJC_ROOT_CLASS = YES_ERROR;
				CLANG_WARN_UNREACHABLE_CODE = YES;
				CLANG_WARN__DUPLICATE_METHOD_MATCH = YES;
				CODE_SIGN_IDENTITY = "-";
				COPY_PHASE_STRIP = NO;
				DEBUG_INFORMATION_FORMAT = dwarf;
				ENABLE_STRICT_OBJC_MSGSEND = YES;
				ENABLE_TESTABILITY = YES;
				GCC_C_LANGUAGE_STANDARD = gnu99;
				GCC_DYNAMIC_NO_PIC = NO;
				GCC_NO_COMMON_BLOCKS = YES;
				GCC_OPTIMIZATION_LEVEL = 0;
				GCC_PREPROCESSOR_DEFINITIONS = (
					"DEBUG=1",
					"$(inherited)",
				);
				GCC_WARN_64_TO_32_BIT_CONVERSION = YES;
				GCC_WARN_ABOUT_RETURN_TYPE = YES_ERROR;
				GCC_WARN_UNDECLARED_SELECTOR = YES;
				GCC_WARN_UNINITIALIZED_AUTOS = YES_AGGRESSIVE;
				GCC_WARN_UNUSED_FUNCTION = YES;
				GCC_WARN_UNUSED_VARIABLE = YES;
				MACOSX_DEPLOYMENT_TARGET = 10.11;
				MTL_ENABLE_DEBUG_INFO = YES;
				ONLY_ACTIVE_ARCH = YES;
				SDKROOT = macosx;
				SWIFT_OPTIMIZATION_LEVEL = "-Onone";
			};
			name = Debug;
		};
		5C7E957A1D1046710000270F /* Release */ = {
			isa = XCBuildConfiguration;
			buildSettings = {
				ALWAYS_SEARCH_USER_PATHS = NO;
				CLANG_CXX_LANGUAGE_STANDARD = "gnu++0x";
				CLANG_CXX_LIBRARY = "libc++";
				CLANG_ENABLE_MODULES = YES;
				CLANG_ENABLE_OBJC_ARC = YES;
				CLANG_WARN_BOOL_CONVERSION = YES;
				CLANG_WARN_CONSTANT_CONVERSION = YES;
				CLANG_WARN_DIRECT_OBJC_ISA_USAGE = YES_ERROR;
				CLANG_WARN_EMPTY_BODY = YES;
				CLANG_WARN_ENUM_CONVERSION = YES;
				CLANG_WARN_INT_CONVERSION = YES;
				CLANG_WARN_OBJC_ROOT_CLASS = YES_ERROR;
				CLANG_WARN_UNREACHABLE_CODE = YES;
				CLANG_WARN__DUPLICATE_METHOD_MATCH = YES;
				CODE_SIGN_IDENTITY = "-";
				COPY_PHASE_STRIP = NO;
				DEBUG_INFORMATION_FORMAT = "dwarf-with-dsym";
				ENABLE_NS_ASSERTIONS = NO;
				ENABLE_STRICT_OBJC_MSGSEND = YES;
				GCC_C_LANGUAGE_STANDARD = gnu99;
				GCC_NO_COMMON_BLOCKS = YES;
				GCC_WARN_64_TO_32_BIT_CONVERSION = YES;
				GCC_WARN_ABOUT_RETURN_TYPE = YES_ERROR;
				GCC_WARN_UNDECLARED_SELECTOR = YES;
				GCC_WARN_UNINITIALIZED_AUTOS = YES_AGGRESSIVE;
				GCC_WARN_UNUSED_FUNCTION = YES;
				GCC_WARN_UNUSED_VARIABLE = YES;
				MACOSX_DEPLOYMENT_TARGET = 10.11;
				MTL_ENABLE_DEBUG_INFO = NO;
				SDKROOT = macosx;
			};
			name = Release;
		};
		5C7E957C1D1046710000270F /* Debug */ = {
			isa = XCBuildConfiguration;
			buildSettings = {
				ASSETCATALOG_COMPILER_APPICON_NAME = AppIcon;
				COMBINE_HIDPI_IMAGES = YES;
				INFOPLIST_FILE = HealthCenter/Info.plist;
				LD_RUNPATH_SEARCH_PATHS = "$(inherited) @executable_path/../Frameworks";
				PRODUCT_BUNDLE_IDENTIFIER = zhaokai.HealthCenter;
				PRODUCT_NAME = "$(TARGET_NAME)";
			};
			name = Debug;
		};
		5C7E957D1D1046710000270F /* Release */ = {
			isa = XCBuildConfiguration;
			buildSettings = {
				ASSETCATALOG_COMPILER_APPICON_NAME = AppIcon;
				COMBINE_HIDPI_IMAGES = YES;
				INFOPLIST_FILE = HealthCenter/Info.plist;
				LD_RUNPATH_SEARCH_PATHS = "$(inherited) @executable_path/../Frameworks";
				PRODUCT_BUNDLE_IDENTIFIER = zhaokai.HealthCenter;
				PRODUCT_NAME = "$(TARGET_NAME)";
			};
			name = Release;
		};
		5C7E957F1D1046710000270F /* Debug */ = {
			isa = XCBuildConfiguration;
			buildSettings = {
				BUNDLE_LOADER = "$(TEST_HOST)";
				COMBINE_HIDPI_IMAGES = YES;
				INFOPLIST_FILE = HealthCenterTests/Info.plist;
				LD_RUNPATH_SEARCH_PATHS = "$(inherited) @executable_path/../Frameworks @loader_path/../Frameworks";
				PRODUCT_BUNDLE_IDENTIFIER = zhaokai.HealthCenterTests;
				PRODUCT_NAME = "$(TARGET_NAME)";
				TEST_HOST = "$(BUILT_PRODUCTS_DIR)/HealthCenter.app/Contents/MacOS/HealthCenter";
			};
			name = Debug;
		};
		5C7E95801D1046710000270F /* Release */ = {
			isa = XCBuildConfiguration;
			buildSettings = {
				BUNDLE_LOADER = "$(TEST_HOST)";
				COMBINE_HIDPI_IMAGES = YES;
				INFOPLIST_FILE = HealthCenterTests/Info.plist;
				LD_RUNPATH_SEARCH_PATHS = "$(inherited) @executable_path/../Frameworks @loader_path/../Frameworks";
				PRODUCT_BUNDLE_IDENTIFIER = zhaokai.HealthCenterTests;
				PRODUCT_NAME = "$(TARGET_NAME)";
				TEST_HOST = "$(BUILT_PRODUCTS_DIR)/HealthCenter.app/Contents/MacOS/HealthCenter";
			};
			name = Release;
		};
		5C7E95821D1046710000270F /* Debug */ = {
			isa = XCBuildConfiguration;
			buildSettings = {
				COMBINE_HIDPI_IMAGES = YES;
				INFOPLIST_FILE = HealthCenterUITests/Info.plist;
				LD_RUNPATH_SEARCH_PATHS = "$(inherited) @executable_path/../Frameworks @loader_path/../Frameworks";
				PRODUCT_BUNDLE_IDENTIFIER = zhaokai.HealthCenterUITests;
				PRODUCT_NAME = "$(TARGET_NAME)";
				TEST_TARGET_NAME = HealthCenter;
				USES_XCTRUNNER = YES;
			};
			name = Debug;
		};
		5C7E95831D1046710000270F /* Release */ = {
			isa = XCBuildConfiguration;
			buildSettings = {
				COMBINE_HIDPI_IMAGES = YES;
				INFOPLIST_FILE = HealthCenterUITests/Info.plist;
				LD_RUNPATH_SEARCH_PATHS = "$(inherited) @executable_path/../Frameworks @loader_path/../Frameworks";
				PRODUCT_BUNDLE_IDENTIFIER = zhaokai.HealthCenterUITests;
				PRODUCT_NAME = "$(TARGET_NAME)";
				TEST_TARGET_NAME = HealthCenter;
				USES_XCTRUNNER = YES;
			};
			name = Release;
		};
/* End XCBuildConfiguration section */

/* Begin XCConfigurationList section */
		5C7E95531D1046710000270F /* Build configuration list for PBXProject "HealthCenter" */ = {
			isa = XCConfigurationList;
			buildConfigurations = (
				5C7E95791D1046710000270F /* Debug */,
				5C7E957A1D1046710000270F /* Release */,
			);
			defaultConfigurationIsVisible = 0;
			defaultConfigurationName = Release;
		};
		5C7E957B1D1046710000270F /* Build configuration list for PBXNativeTarget "HealthCenter" */ = {
			isa = XCConfigurationList;
			buildConfigurations = (
				5C7E957C1D1046710000270F /* Debug */,
				5C7E957D1D1046710000270F /* Release */,
			);
			defaultConfigurationIsVisible = 0;
		};
		5C7E957E1D1046710000270F /* Build configuration list for PBXNativeTarget "HealthCenterTests" */ = {
			isa = XCConfigurationList;
			buildConfigurations = (
				5C7E957F1D1046710000270F /* Debug */,
				5C7E95801D1046710000270F /* Release */,
			);
			defaultConfigurationIsVisible = 0;
		};
		5C7E95811D1046710000270F /* Build configuration list for PBXNativeTarget "HealthCenterUITests" */ = {
			isa = XCConfigurationList;
			buildConfigurations = (
				5C7E95821D1046710000270F /* Debug */,
				5C7E95831D1046710000270F /* Release */,
			);
			defaultConfigurationIsVisible = 0;
		};
/* End XCConfigurationList section */
	};
	rootObject = 5C7E95501D1046710000270F /* Project object */;
}
